// !$*UTF8*$!
{
	archiveVersion = 1;
	classes = {
	};
	objectVersion = 55;
	objects = {

/* Begin PBXBuildFile section */
		EA78B545289A2C1000BB40D8 /* AppDelegate.swift in Sources */ = {isa = PBXBuildFile; fileRef = EA78B544289A2C1000BB40D8 /* AppDelegate.swift */; };
		EA78B547289A2C1000BB40D8 /* SceneDelegate.swift in Sources */ = {isa = PBXBuildFile; fileRef = EA78B546289A2C1000BB40D8 /* SceneDelegate.swift */; };
		EA78B549289A2C1000BB40D8 /* ViewController.swift in Sources */ = {isa = PBXBuildFile; fileRef = EA78B548289A2C1000BB40D8 /* ViewController.swift */; };
		EA78B54C289A2C1000BB40D8 /* Main.storyboard in Resources */ = {isa = PBXBuildFile; fileRef = EA78B54A289A2C1000BB40D8 /* Main.storyboard */; };
		EA78B54E289A2C1000BB40D8 /* Assets.xcassets in Resources */ = {isa = PBXBuildFile; fileRef = EA78B54D289A2C1000BB40D8 /* Assets.xcassets */; };
		EA78B551289A2C1000BB40D8 /* LaunchScreen.storyboard in Resources */ = {isa = PBXBuildFile; fileRef = EA78B54F289A2C1000BB40D8 /* LaunchScreen.storyboard */; };
		EA78B55C289A2C1000BB40D8 /* HW10_iOS_Bogomolov_AndreyTests.swift in Sources */ = {isa = PBXBuildFile; fileRef = EA78B55B289A2C1000BB40D8 /* HW10_iOS_Bogomolov_AndreyTests.swift */; };
		EA78B566289A2C1000BB40D8 /* HW10_iOS_Bogomolov_AndreyUITests.swift in Sources */ = {isa = PBXBuildFile; fileRef = EA78B565289A2C1000BB40D8 /* HW10_iOS_Bogomolov_AndreyUITests.swift */; };
		EA78B568289A2C1000BB40D8 /* HW10_iOS_Bogomolov_AndreyUITestsLaunchTests.swift in Sources */ = {isa = PBXBuildFile; fileRef = EA78B567289A2C1000BB40D8 /* HW10_iOS_Bogomolov_AndreyUITestsLaunchTests.swift */; };
/* End PBXBuildFile section */

/* Begin PBXContainerItemProxy section */
		EA78B558289A2C1000BB40D8 /* PBXContainerItemProxy */ = {
			isa = PBXContainerItemProxy;
			containerPortal = EA78B539289A2C1000BB40D8 /* Project object */;
			proxyType = 1;
			remoteGlobalIDString = EA78B540289A2C1000BB40D8;
			remoteInfo = "HW10-iOS-Bogomolov.Andrey";
		};
		EA78B562289A2C1000BB40D8 /* PBXContainerItemProxy */ = {
			isa = PBXContainerItemProxy;
			containerPortal = EA78B539289A2C1000BB40D8 /* Project object */;
			proxyType = 1;
			remoteGlobalIDString = EA78B540289A2C1000BB40D8;
			remoteInfo = "HW10-iOS-Bogomolov.Andrey";
		};
/* End PBXContainerItemProxy section */

/* Begin PBXFileReference section */
		EA78B541289A2C1000BB40D8 /* HW10-iOS-Bogomolov.Andrey.app */ = {isa = PBXFileReference; explicitFileType = wrapper.application; includeInIndex = 0; path = "HW10-iOS-Bogomolov.Andrey.app"; sourceTree = BUILT_PRODUCTS_DIR; };
		EA78B544289A2C1000BB40D8 /* AppDelegate.swift */ = {isa = PBXFileReference; lastKnownFileType = sourcecode.swift; path = AppDelegate.swift; sourceTree = "<group>"; };
		EA78B546289A2C1000BB40D8 /* SceneDelegate.swift */ = {isa = PBXFileReference; lastKnownFileType = sourcecode.swift; path = SceneDelegate.swift; sourceTree = "<group>"; };
		EA78B548289A2C1000BB40D8 /* ViewController.swift */ = {isa = PBXFileReference; lastKnownFileType = sourcecode.swift; path = ViewController.swift; sourceTree = "<group>"; };
		EA78B54B289A2C1000BB40D8 /* Base */ = {isa = PBXFileReference; lastKnownFileType = file.storyboard; name = Base; path = Base.lproj/Main.storyboard; sourceTree = "<group>"; };
		EA78B54D289A2C1000BB40D8 /* Assets.xcassets */ = {isa = PBXFileReference; lastKnownFileType = folder.assetcatalog; path = Assets.xcassets; sourceTree = "<group>"; };
		EA78B550289A2C1000BB40D8 /* Base */ = {isa = PBXFileReference; lastKnownFileType = file.storyboard; name = Base; path = Base.lproj/LaunchScreen.storyboard; sourceTree = "<group>"; };
		EA78B552289A2C1000BB40D8 /* Info.plist */ = {isa = PBXFileReference; lastKnownFileType = text.plist.xml; path = Info.plist; sourceTree = "<group>"; };
		EA78B557289A2C1000BB40D8 /* HW10-iOS-Bogomolov.AndreyTests.xctest */ = {isa = PBXFileReference; explicitFileType = wrapper.cfbundle; includeInIndex = 0; path = "HW10-iOS-Bogomolov.AndreyTests.xctest"; sourceTree = BUILT_PRODUCTS_DIR; };
		EA78B55B289A2C1000BB40D8 /* HW10_iOS_Bogomolov_AndreyTests.swift */ = {isa = PBXFileReference; lastKnownFileType = sourcecode.swift; path = HW10_iOS_Bogomolov_AndreyTests.swift; sourceTree = "<group>"; };
		EA78B561289A2C1000BB40D8 /* HW10-iOS-Bogomolov.AndreyUITests.xctest */ = {isa = PBXFileReference; explicitFileType = wrapper.cfbundle; includeInIndex = 0; path = "HW10-iOS-Bogomolov.AndreyUITests.xctest"; sourceTree = BUILT_PRODUCTS_DIR; };
		EA78B565289A2C1000BB40D8 /* HW10_iOS_Bogomolov_AndreyUITests.swift */ = {isa = PBXFileReference; lastKnownFileType = sourcecode.swift; path = HW10_iOS_Bogomolov_AndreyUITests.swift; sourceTree = "<group>"; };
		EA78B567289A2C1000BB40D8 /* HW10_iOS_Bogomolov_AndreyUITestsLaunchTests.swift */ = {isa = PBXFileReference; lastKnownFileType = sourcecode.swift; path = HW10_iOS_Bogomolov_AndreyUITestsLaunchTests.swift; sourceTree = "<group>"; };
/* End PBXFileReference section */

/* Begin PBXFrameworksBuildPhase section */
		EA78B53E289A2C1000BB40D8 /* Frameworks */ = {
			isa = PBXFrameworksBuildPhase;
			buildActionMask = 2147483647;
			files = (
			);
			runOnlyForDeploymentPostprocessing = 0;
		};
		EA78B554289A2C1000BB40D8 /* Frameworks */ = {
			isa = PBXFrameworksBuildPhase;
			buildActionMask = 2147483647;
			files = (
			);
			runOnlyForDeploymentPostprocessing = 0;
		};
		EA78B55E289A2C1000BB40D8 /* Frameworks */ = {
			isa = PBXFrameworksBuildPhase;
			buildActionMask = 2147483647;
			files = (
			);
			runOnlyForDeploymentPostprocessing = 0;
		};
/* End PBXFrameworksBuildPhase section */

/* Begin PBXGroup section */
		EA78B538289A2C1000BB40D8 = {
			isa = PBXGroup;
			children = (
				EA78B543289A2C1000BB40D8 /* HW10-iOS-Bogomolov.Andrey */,
				EA78B55A289A2C1000BB40D8 /* HW10-iOS-Bogomolov.AndreyTests */,
				EA78B564289A2C1000BB40D8 /* HW10-iOS-Bogomolov.AndreyUITests */,
				EA78B542289A2C1000BB40D8 /* Products */,
			);
			sourceTree = "<group>";
		};
		EA78B542289A2C1000BB40D8 /* Products */ = {
			isa = PBXGroup;
			children = (
				EA78B541289A2C1000BB40D8 /* HW10-iOS-Bogomolov.Andrey.app */,
				EA78B557289A2C1000BB40D8 /* HW10-iOS-Bogomolov.AndreyTests.xctest */,
				EA78B561289A2C1000BB40D8 /* HW10-iOS-Bogomolov.AndreyUITests.xctest */,
			);
			name = Products;
			sourceTree = "<group>";
		};
		EA78B543289A2C1000BB40D8 /* HW10-iOS-Bogomolov.Andrey */ = {
			isa = PBXGroup;
			children = (
				EA78B544289A2C1000BB40D8 /* AppDelegate.swift */,
				EA78B546289A2C1000BB40D8 /* SceneDelegate.swift */,
				EA78B548289A2C1000BB40D8 /* ViewController.swift */,
				EA78B54A289A2C1000BB40D8 /* Main.storyboard */,
				EA78B54D289A2C1000BB40D8 /* Assets.xcassets */,
				EA78B54F289A2C1000BB40D8 /* LaunchScreen.storyboard */,
				EA78B552289A2C1000BB40D8 /* Info.plist */,
			);
			path = "HW10-iOS-Bogomolov.Andrey";
			sourceTree = "<group>";
		};
		EA78B55A289A2C1000BB40D8 /* HW10-iOS-Bogomolov.AndreyTests */ = {
			isa = PBXGroup;
			children = (
				EA78B55B289A2C1000BB40D8 /* HW10_iOS_Bogomolov_AndreyTests.swift */,
			);
			path = "HW10-iOS-Bogomolov.AndreyTests";
			sourceTree = "<group>";
		};
		EA78B564289A2C1000BB40D8 /* HW10-iOS-Bogomolov.AndreyUITests */ = {
			isa = PBXGroup;
			children = (
				EA78B565289A2C1000BB40D8 /* HW10_iOS_Bogomolov_AndreyUITests.swift */,
				EA78B567289A2C1000BB40D8 /* HW10_iOS_Bogomolov_AndreyUITestsLaunchTests.swift */,
			);
			path = "HW10-iOS-Bogomolov.AndreyUITests";
			sourceTree = "<group>";
		};
/* End PBXGroup section */

/* Begin PBXNativeTarget section */
		EA78B540289A2C1000BB40D8 /* HW10-iOS-Bogomolov.Andrey */ = {
			isa = PBXNativeTarget;
			buildConfigurationList = EA78B56B289A2C1000BB40D8 /* Build configuration list for PBXNativeTarget "HW10-iOS-Bogomolov.Andrey" */;
			buildPhases = (
				EA78B53D289A2C1000BB40D8 /* Sources */,
				EA78B53E289A2C1000BB40D8 /* Frameworks */,
				EA78B53F289A2C1000BB40D8 /* Resources */,
			);
			buildRules = (
			);
			dependencies = (
			);
			name = "HW10-iOS-Bogomolov.Andrey";
			productName = "HW10-iOS-Bogomolov.Andrey";
			productReference = EA78B541289A2C1000BB40D8 /* HW10-iOS-Bogomolov.Andrey.app */;
			productType = "com.apple.product-type.application";
		};
		EA78B556289A2C1000BB40D8 /* HW10-iOS-Bogomolov.AndreyTests */ = {
			isa = PBXNativeTarget;
			buildConfigurationList = EA78B56E289A2C1000BB40D8 /* Build configuration list for PBXNativeTarget "HW10-iOS-Bogomolov.AndreyTests" */;
			buildPhases = (
				EA78B553289A2C1000BB40D8 /* Sources */,
				EA78B554289A2C1000BB40D8 /* Frameworks */,
				EA78B555289A2C1000BB40D8 /* Resources */,
			);
			buildRules = (
			);
			dependencies = (
				EA78B559289A2C1000BB40D8 /* PBXTargetDependency */,
			);
			name = "HW10-iOS-Bogomolov.AndreyTests";
			productName = "HW10-iOS-Bogomolov.AndreyTests";
			productReference = EA78B557289A2C1000BB40D8 /* HW10-iOS-Bogomolov.AndreyTests.xctest */;
			productType = "com.apple.product-type.bundle.unit-test";
		};
		EA78B560289A2C1000BB40D8 /* HW10-iOS-Bogomolov.AndreyUITests */ = {
			isa = PBXNativeTarget;
			buildConfigurationList = EA78B571289A2C1000BB40D8 /* Build configuration list for PBXNativeTarget "HW10-iOS-Bogomolov.AndreyUITests" */;
			buildPhases = (
				EA78B55D289A2C1000BB40D8 /* Sources */,
				EA78B55E289A2C1000BB40D8 /* Frameworks */,
				EA78B55F289A2C1000BB40D8 /* Resources */,
			);
			buildRules = (
			);
			dependencies = (
				EA78B563289A2C1000BB40D8 /* PBXTargetDependency */,
			);
			name = "HW10-iOS-Bogomolov.AndreyUITests";
			productName = "HW10-iOS-Bogomolov.AndreyUITests";
			productReference = EA78B561289A2C1000BB40D8 /* HW10-iOS-Bogomolov.AndreyUITests.xctest */;
			productType = "com.apple.product-type.bundle.ui-testing";
		};
/* End PBXNativeTarget section */

/* Begin PBXProject section */
		EA78B539289A2C1000BB40D8 /* Project object */ = {
			isa = PBXProject;
			attributes = {
				BuildIndependentTargetsInParallel = 1;
				LastSwiftUpdateCheck = 1340;
				LastUpgradeCheck = 1340;
				TargetAttributes = {
					EA78B540289A2C1000BB40D8 = {
						CreatedOnToolsVersion = 13.4.1;
					};
					EA78B556289A2C1000BB40D8 = {
						CreatedOnToolsVersion = 13.4.1;
						TestTargetID = EA78B540289A2C1000BB40D8;
					};
					EA78B560289A2C1000BB40D8 = {
						CreatedOnToolsVersion = 13.4.1;
						TestTargetID = EA78B540289A2C1000BB40D8;
					};
				};
			};
			buildConfigurationList = EA78B53C289A2C1000BB40D8 /* Build configuration list for PBXProject "HW10-iOS-Bogomolov.Andrey" */;
			compatibilityVersion = "Xcode 13.0";
			developmentRegion = en;
			hasScannedForEncodings = 0;
			knownRegions = (
				en,
				Base,
			);
			mainGroup = EA78B538289A2C1000BB40D8;
			productRefGroup = EA78B542289A2C1000BB40D8 /* Products */;
			projectDirPath = "";
			projectRoot = "";
			targets = (
				EA78B540289A2C1000BB40D8 /* HW10-iOS-Bogomolov.Andrey */,
				EA78B556289A2C1000BB40D8 /* HW10-iOS-Bogomolov.AndreyTests */,
				EA78B560289A2C1000BB40D8 /* HW10-iOS-Bogomolov.AndreyUITests */,
			);
		};
/* End PBXProject section */

/* Begin PBXResourcesBuildPhase section */
		EA78B53F289A2C1000BB40D8 /* Resources */ = {
			isa = PBXResourcesBuildPhase;
			buildActionMask = 2147483647;
			files = (
				EA78B551289A2C1000BB40D8 /* LaunchScreen.storyboard in Resources */,
				EA78B54E289A2C1000BB40D8 /* Assets.xcassets in Resources */,
				EA78B54C289A2C1000BB40D8 /* Main.storyboard in Resources */,
			);
			runOnlyForDeploymentPostprocessing = 0;
		};
		EA78B555289A2C1000BB40D8 /* Resources */ = {
			isa = PBXResourcesBuildPhase;
			buildActionMask = 2147483647;
			files = (
			);
			runOnlyForDeploymentPostprocessing = 0;
		};
		EA78B55F289A2C1000BB40D8 /* Resources */ = {
			isa = PBXResourcesBuildPhase;
			buildActionMask = 2147483647;
			files = (
			);
			runOnlyForDeploymentPostprocessing = 0;
		};
/* End PBXResourcesBuildPhase section */

/* Begin PBXSourcesBuildPhase section */
		EA78B53D289A2C1000BB40D8 /* Sources */ = {
			isa = PBXSourcesBuildPhase;
			buildActionMask = 2147483647;
			files = (
				EA78B549289A2C1000BB40D8 /* ViewController.swift in Sources */,
				EA78B545289A2C1000BB40D8 /* AppDelegate.swift in Sources */,
				EA78B547289A2C1000BB40D8 /* SceneDelegate.swift in Sources */,
			);
			runOnlyForDeploymentPostprocessing = 0;
		};
		EA78B553289A2C1000BB40D8 /* Sources */ = {
			isa = PBXSourcesBuildPhase;
			buildActionMask = 2147483647;
			files = (
				EA78B55C289A2C1000BB40D8 /* HW10_iOS_Bogomolov_AndreyTests.swift in Sources */,
			);
			runOnlyForDeploymentPostprocessing = 0;
		};
		EA78B55D289A2C1000BB40D8 /* Sources */ = {
			isa = PBXSourcesBuildPhase;
			buildActionMask = 2147483647;
			files = (
				EA78B568289A2C1000BB40D8 /* HW10_iOS_Bogomolov_AndreyUITestsLaunchTests.swift in Sources */,
				EA78B566289A2C1000BB40D8 /* HW10_iOS_Bogomolov_AndreyUITests.swift in Sources */,
			);
			runOnlyForDeploymentPostprocessing = 0;
		};
/* End PBXSourcesBuildPhase section */

/* Begin PBXTargetDependency section */
		EA78B559289A2C1000BB40D8 /* PBXTargetDependency */ = {
			isa = PBXTargetDependency;
			target = EA78B540289A2C1000BB40D8 /* HW10-iOS-Bogomolov.Andrey */;
			targetProxy = EA78B558289A2C1000BB40D8 /* PBXContainerItemProxy */;
		};
		EA78B563289A2C1000BB40D8 /* PBXTargetDependency */ = {
			isa = PBXTargetDependency;
			target = EA78B540289A2C1000BB40D8 /* HW10-iOS-Bogomolov.Andrey */;
			targetProxy = EA78B562289A2C1000BB40D8 /* PBXContainerItemProxy */;
		};
/* End PBXTargetDependency section */

/* Begin PBXVariantGroup section */
		EA78B54A289A2C1000BB40D8 /* Main.storyboard */ = {
			isa = PBXVariantGroup;
			children = (
				EA78B54B289A2C1000BB40D8 /* Base */,
			);
			name = Main.storyboard;
			sourceTree = "<group>";
		};
		EA78B54F289A2C1000BB40D8 /* LaunchScreen.storyboard */ = {
			isa = PBXVariantGroup;
			children = (
				EA78B550289A2C1000BB40D8 /* Base */,
			);
			name = LaunchScreen.storyboard;
			sourceTree = "<group>";
		};
/* End PBXVariantGroup section */

/* Begin XCBuildConfiguration section */
		EA78B569289A2C1000BB40D8 /* Debug */ = {
			isa = XCBuildConfiguration;
			buildSettings = {
				ALWAYS_SEARCH_USER_PATHS = NO;
				CLANG_ANALYZER_NONNULL = YES;
				CLANG_ANALYZER_NUMBER_OBJECT_CONVERSION = YES_AGGRESSIVE;
				CLANG_CXX_LANGUAGE_STANDARD = "gnu++17";
				CLANG_ENABLE_MODULES = YES;
				CLANG_ENABLE_OBJC_ARC = YES;
				CLANG_ENABLE_OBJC_WEAK = YES;
				CLANG_WARN_BLOCK_CAPTURE_AUTORELEASING = YES;
				CLANG_WARN_BOOL_CONVERSION = YES;
				CLANG_WARN_COMMA = YES;
				CLANG_WARN_CONSTANT_CONVERSION = YES;
				CLANG_WARN_DEPRECATED_OBJC_IMPLEMENTATIONS = YES;
				CLANG_WARN_DIRECT_OBJC_ISA_USAGE = YES_ERROR;
				CLANG_WARN_DOCUMENTATION_COMMENTS = YES;
				CLANG_WARN_EMPTY_BODY = YES;
				CLANG_WARN_ENUM_CONVERSION = YES;
				CLANG_WARN_INFINITE_RECURSION = YES;
				CLANG_WARN_INT_CONVERSION = YES;
				CLANG_WARN_NON_LITERAL_NULL_CONVERSION = YES;
				CLANG_WARN_OBJC_IMPLICIT_RETAIN_SELF = YES;
				CLANG_WARN_OBJC_LITERAL_CONVERSION = YES;
				CLANG_WARN_OBJC_ROOT_CLASS = YES_ERROR;
				CLANG_WARN_QUOTED_INCLUDE_IN_FRAMEWORK_HEADER = YES;
				CLANG_WARN_RANGE_LOOP_ANALYSIS = YES;
				CLANG_WARN_STRICT_PROTOTYPES = YES;
				CLANG_WARN_SUSPICIOUS_MOVE = YES;
				CLANG_WARN_UNGUARDED_AVAILABILITY = YES_AGGRESSIVE;
				CLANG_WARN_UNREACHABLE_CODE = YES;
				CLANG_WARN__DUPLICATE_METHOD_MATCH = YES;
				COPY_PHASE_STRIP = NO;
				DEBUG_INFORMATION_FORMAT = dwarf;
				ENABLE_STRICT_OBJC_MSGSEND = YES;
				ENABLE_TESTABILITY = YES;
				GCC_C_LANGUAGE_STANDARD = gnu11;
				GCC_DYNAMIC_NO_PIC = NO;
				GCC_NO_COMMON_BLOCKS = YES;
				GCC_OPTIMIZATION_LEVEL = 0;
				GCC_PREPROCESSOR_DEFINITIONS = (
					"DEBUG=1",
					"$(inherited)",
				);
				GCC_WARN_64_TO_32_BIT_CONVERSION = YES;
				GCC_WARN_ABOUT_RETURN_TYPE = YES_ERROR;
				GCC_WARN_UNDECLARED_SELECTOR = YES;
				GCC_WARN_UNINITIALIZED_AUTOS = YES_AGGRESSIVE;
				GCC_WARN_UNUSED_FUNCTION = YES;
				GCC_WARN_UNUSED_VARIABLE = YES;
				IPHONEOS_DEPLOYMENT_TARGET = 15.5;
				MTL_ENABLE_DEBUG_INFO = INCLUDE_SOURCE;
				MTL_FAST_MATH = YES;
				ONLY_ACTIVE_ARCH = YES;
				SDKROOT = iphoneos;
				SWIFT_ACTIVE_COMPILATION_CONDITIONS = DEBUG;
				SWIFT_OPTIMIZATION_LEVEL = "-Onone";
			};
			name = Debug;
		};
		EA78B56A289A2C1000BB40D8 /* Release */ = {
			isa = XCBuildConfiguration;
			buildSettings = {
				ALWAYS_SEARCH_USER_PATHS = NO;
				CLANG_ANALYZER_NONNULL = YES;
				CLANG_ANALYZER_NUMBER_OBJECT_CONVERSION = YES_AGGRESSIVE;
				CLANG_CXX_LANGUAGE_STANDARD = "gnu++17";
				CLANG_ENABLE_MODULES = YES;
				CLANG_ENABLE_OBJC_ARC = YES;
				CLANG_ENABLE_OBJC_WEAK = YES;
				CLANG_WARN_BLOCK_CAPTURE_AUTORELEASING = YES;
				CLANG_WARN_BOOL_CONVERSION = YES;
				CLANG_WARN_COMMA = YES;
				CLANG_WARN_CONSTANT_CONVERSION = YES;
				CLANG_WARN_DEPRECATED_OBJC_IMPLEMENTATIONS = YES;
				CLANG_WARN_DIRECT_OBJC_ISA_USAGE = YES_ERROR;
				CLANG_WARN_DOCUMENTATION_COMMENTS = YES;
				CLANG_WARN_EMPTY_BODY = YES;
				CLANG_WARN_ENUM_CONVERSION = YES;
				CLANG_WARN_INFINITE_RECURSION = YES;
				CLANG_WARN_INT_CONVERSION = YES;
				CLANG_WARN_NON_LITERAL_NULL_CONVERSION = YES;
				CLANG_WARN_OBJC_IMPLICIT_RETAIN_SELF = YES;
				CLANG_WARN_OBJC_LITERAL_CONVERSION = YES;
				CLANG_WARN_OBJC_ROOT_CLASS = YES_ERROR;
				CLANG_WARN_QUOTED_INCLUDE_IN_FRAMEWORK_HEADER = YES;
				CLANG_WARN_RANGE_LOOP_ANALYSIS = YES;
				CLANG_WARN_STRICT_PROTOTYPES = YES;
				CLANG_WARN_SUSPICIOUS_MOVE = YES;
				CLANG_WARN_UNGUARDED_AVAILABILITY = YES_AGGRESSIVE;
				CLANG_WARN_UNREACHABLE_CODE = YES;
				CLANG_WARN__DUPLICATE_METHOD_MATCH = YES;
				COPY_PHASE_STRIP = NO;
				DEBUG_INFORMATION_FORMAT = "dwarf-with-dsym";
				ENABLE_NS_ASSERTIONS = NO;
				ENABLE_STRICT_OBJC_MSGSEND = YES;
				GCC_C_LANGUAGE_STANDARD = gnu11;
				GCC_NO_COMMON_BLOCKS = YES;
				GCC_WARN_64_TO_32_BIT_CONVERSION = YES;
				GCC_WARN_ABOUT_RETURN_TYPE = YES_ERROR;
				GCC_WARN_UNDECLARED_SELECTOR = YES;
				GCC_WARN_UNINITIALIZED_AUTOS = YES_AGGRESSIVE;
				GCC_WARN_UNUSED_FUNCTION = YES;
				GCC_WARN_UNUSED_VARIABLE = YES;
				IPHONEOS_DEPLOYMENT_TARGET = 15.5;
				MTL_ENABLE_DEBUG_INFO = NO;
				MTL_FAST_MATH = YES;
				SDKROOT = iphoneos;
				SWIFT_COMPILATION_MODE = wholemodule;
				SWIFT_OPTIMIZATION_LEVEL = "-O";
				VALIDATE_PRODUCT = YES;
			};
			name = Release;
		};
		EA78B56C289A2C1000BB40D8 /* Debug */ = {
			isa = XCBuildConfiguration;
			buildSettings = {
				ASSETCATALOG_COMPILER_APPICON_NAME = AppIcon;
				ASSETCATALOG_COMPILER_GLOBAL_ACCENT_COLOR_NAME = AccentColor;
				CODE_SIGN_STYLE = Automatic;
				CURRENT_PROJECT_VERSION = 1;
				DEVELOPMENT_TEAM = LKD3YJQGNW;
				GENERATE_INFOPLIST_FILE = YES;
				INFOPLIST_FILE = "HW10-iOS-Bogomolov.Andrey/Info.plist";
				INFOPLIST_KEY_UIApplicationSupportsIndirectInputEvents = YES;
				INFOPLIST_KEY_UILaunchStoryboardName = LaunchScreen;
				INFOPLIST_KEY_UIMainStoryboardFile = Main;
				INFOPLIST_KEY_UISupportedInterfaceOrientations_iPad = "UIInterfaceOrientationPortrait UIInterfaceOrientationPortraitUpsideDown UIInterfaceOrientationLandscapeLeft UIInterfaceOrientationLandscapeRight";
				INFOPLIST_KEY_UISupportedInterfaceOrientations_iPhone = "UIInterfaceOrientationPortrait UIInterfaceOrientationLandscapeLeft UIInterfaceOrientationLandscapeRight";
				LD_RUNPATH_SEARCH_PATHS = (
					"$(inherited)",
					"@executable_path/Frameworks",
				);
				MARKETING_VERSION = 1.0;
				PRODUCT_BUNDLE_IDENTIFIER = "com.my.HW10-iOS-Bogomolov-Andrey";
				PRODUCT_NAME = "$(TARGET_NAME)";
				SWIFT_EMIT_LOC_STRINGS = YES;
				SWIFT_VERSION = 5.0;
				TARGETED_DEVICE_FAMILY = "1,2";
			};
			name = Debug;
		};
		EA78B56D289A2C1000BB40D8 /* Release */ = {
			isa = XCBuildConfiguration;
			buildSettings = {
				ASSETCATALOG_COMPILER_APPICON_NAME = AppIcon;
				ASSETCATALOG_COMPILER_GLOBAL_ACCENT_COLOR_NAME = AccentColor;
				CODE_SIGN_STYLE = Automatic;
				CURRENT_PROJECT_VERSION = 1;
				DEVELOPMENT_TEAM = LKD3YJQGNW;
				GENERATE_INFOPLIST_FILE = YES;
				INFOPLIST_FILE = "HW10-iOS-Bogomolov.Andrey/Info.plist";
				INFOPLIST_KEY_UIApplicationSupportsIndirectInputEvents = YES;
				INFOPLIST_KEY_UILaunchStoryboardName = LaunchScreen;
				INFOPLIST_KEY_UIMainStoryboardFile = Main;
				INFOPLIST_KEY_UISupportedInterfaceOrientations_iPad = "UIInterfaceOrientationPortrait UIInterfaceOrientationPortraitUpsideDown UIInterfaceOrientationLandscapeLeft UIInterfaceOrientationLandscapeRight";
				INFOPLIST_KEY_UISupportedInterfaceOrientations_iPhone = "UIInterfaceOrientationPortrait UIInterfaceOrientationLandscapeLeft UIInterfaceOrientationLandscapeRight";
				LD_RUNPATH_SEARCH_PATHS = (
					"$(inherited)",
					"@executable_path/Frameworks",
				);
				MARKETING_VERSION = 1.0;
				PRODUCT_BUNDLE_IDENTIFIER = "com.my.HW10-iOS-Bogomolov-Andrey";
				PRODUCT_NAME = "$(TARGET_NAME)";
				SWIFT_EMIT_LOC_STRINGS = YES;
				SWIFT_VERSION = 5.0;
				TARGETED_DEVICE_FAMILY = "1,2";
			};
			name = Release;
		};
		EA78B56F289A2C1000BB40D8 /* Debug */ = {
			isa = XCBuildConfiguration;
			buildSettings = {
				ALWAYS_EMBED_SWIFT_STANDARD_LIBRARIES = YES;
				BUNDLE_LOADER = "$(TEST_HOST)";
				CODE_SIGN_STYLE = Automatic;
				CURRENT_PROJECT_VERSION = 1;
				DEVELOPMENT_TEAM = LKD3YJQGNW;
				GENERATE_INFOPLIST_FILE = YES;
				IPHONEOS_DEPLOYMENT_TARGET = 15.5;
				MARKETING_VERSION = 1.0;
				PRODUCT_BUNDLE_IDENTIFIER = "com.my.HW10-iOS-Bogomolov-AndreyTests";
				PRODUCT_NAME = "$(TARGET_NAME)";
				SWIFT_EMIT_LOC_STRINGS = NO;
				SWIFT_VERSION = 5.0;
				TARGETED_DEVICE_FAMILY = "1,2";
				TEST_HOST = "$(BUILT_PRODUCTS_DIR)/HW10-iOS-Bogomolov.Andrey.app/HW10-iOS-Bogomolov.Andrey";
			};
			name = Debug;
		};
		EA78B570289A2C1000BB40D8 /* Release */ = {
			isa = XCBuildConfiguration;
			buildSettings = {
				ALWAYS_EMBED_SWIFT_STANDARD_LIBRARIES = YES;
				BUNDLE_LOADER = "$(TEST_HOST)";
				CODE_SIGN_STYLE = Automatic;
				CURRENT_PROJECT_VERSION = 1;
				DEVELOPMENT_TEAM = LKD3YJQGNW;
				GENERATE_INFOPLIST_FILE = YES;
				IPHONEOS_DEPLOYMENT_TARGET = 15.5;
				MARKETING_VERSION = 1.0;
				PRODUCT_BUNDLE_IDENTIFIER = "com.my.HW10-iOS-Bogomolov-AndreyTests";
				PRODUCT_NAME = "$(TARGET_NAME)";
				SWIFT_EMIT_LOC_STRINGS = NO;
				SWIFT_VERSION = 5.0;
				TARGETED_DEVICE_FAMILY = "1,2";
				TEST_HOST = "$(BUILT_PRODUCTS_DIR)/HW10-iOS-Bogomolov.Andrey.app/HW10-iOS-Bogomolov.Andrey";
			};
			name = Release;
		};
		EA78B572289A2C1000BB40D8 /* Debug */ = {
			isa = XCBuildConfiguration;
			buildSettings = {
				ALWAYS_EMBED_SWIFT_STANDARD_LIBRARIES = YES;
				CODE_SIGN_STYLE = Automatic;
				CURRENT_PROJECT_VERSION = 1;
				DEVELOPMENT_TEAM = LKD3YJQGNW;
				GENERATE_INFOPLIST_FILE = YES;
				MARKETING_VERSION = 1.0;
				PRODUCT_BUNDLE_IDENTIFIER = "com.my.HW10-iOS-Bogomolov-AndreyUITests";
				PRODUCT_NAME = "$(TARGET_NAME)";
				SWIFT_EMIT_LOC_STRINGS = NO;
				SWIFT_VERSION = 5.0;
				TARGETED_DEVICE_FAMILY = "1,2";
				TEST_TARGET_NAME = "HW10-iOS-Bogomolov.Andrey";
			};
			name = Debug;
		};
		EA78B573289A2C1000BB40D8 /* Release */ = {
			isa = XCBuildConfiguration;
			buildSettings = {
				ALWAYS_EMBED_SWIFT_STANDARD_LIBRARIES = YES;
				CODE_SIGN_STYLE = Automatic;
				CURRENT_PROJECT_VERSION = 1;
				DEVELOPMENT_TEAM = LKD3YJQGNW;
				GENERATE_INFOPLIST_FILE = YES;
				MARKETING_VERSION = 1.0;
				PRODUCT_BUNDLE_IDENTIFIER = "com.my.HW10-iOS-Bogomolov-AndreyUITests";
				PRODUCT_NAME = "$(TARGET_NAME)";
				SWIFT_EMIT_LOC_STRINGS = NO;
				SWIFT_VERSION = 5.0;
				TARGETED_DEVICE_FAMILY = "1,2";
				TEST_TARGET_NAME = "HW10-iOS-Bogomolov.Andrey";
			};
			name = Release;
		};
/* End XCBuildConfiguration section */

/* Begin XCConfigurationList section */
		EA78B53C289A2C1000BB40D8 /* Build configuration list for PBXProject "HW10-iOS-Bogomolov.Andrey" */ = {
			isa = XCConfigurationList;
			buildConfigurations = (
				EA78B569289A2C1000BB40D8 /* Debug */,
				EA78B56A289A2C1000BB40D8 /* Release */,
			);
			defaultConfigurationIsVisible = 0;
			defaultConfigurationName = Release;
		};
		EA78B56B289A2C1000BB40D8 /* Build configuration list for PBXNativeTarget "HW10-iOS-Bogomolov.Andrey" */ = {
			isa = XCConfigurationList;
			buildConfigurations = (
				EA78B56C289A2C1000BB40D8 /* Debug */,
				EA78B56D289A2C1000BB40D8 /* Release */,
			);
			defaultConfigurationIsVisible = 0;
			defaultConfigurationName = Release;
		};
		EA78B56E289A2C1000BB40D8 /* Build configuration list for PBXNativeTarget "HW10-iOS-Bogomolov.AndreyTests" */ = {
			isa = XCConfigurationList;
			buildConfigurations = (
				EA78B56F289A2C1000BB40D8 /* Debug */,
				EA78B570289A2C1000BB40D8 /* Release */,
			);
			defaultConfigurationIsVisible = 0;
			defaultConfigurationName = Release;
		};
		EA78B571289A2C1000BB40D8 /* Build configuration list for PBXNativeTarget "HW10-iOS-Bogomolov.AndreyUITests" */ = {
			isa = XCConfigurationList;
			buildConfigurations = (
				EA78B572289A2C1000BB40D8 /* Debug */,
				EA78B573289A2C1000BB40D8 /* Release */,
			);
			defaultConfigurationIsVisible = 0;
			defaultConfigurationName = Release;
		};
/* End XCConfigurationList section */
	};
	rootObject = EA78B539289A2C1000BB40D8 /* Project object */;
}
